// !$*UTF8*$!
{
	archiveVersion = 1;
	classes = {
	};
	objectVersion = 77;
	objects = {

/* Begin PBXBuildFile section */
		166FA5F62C9D448300504C63 /* ZeticMLange.framework in Frameworks */ = {isa = PBXBuildFile; fileRef = 166FA5F42C9D447D00504C63 /* ZeticMLange.framework */; };
		166FA5F72C9D448300504C63 /* ZeticMLange.framework in Embed Frameworks */ = {isa = PBXBuildFile; fileRef = 166FA5F42C9D447D00504C63 /* ZeticMLange.framework */; settings = {ATTRIBUTES = (CodeSignOnCopy, RemoveHeadersOnCopy, ); }; };
/* End PBXBuildFile section */

/* Begin PBXContainerItemProxy section */
		162251EC2C9D438100327F48 /* PBXContainerItemProxy */ = {
			isa = PBXContainerItemProxy;
			containerPortal = 162251D32C9D438000327F48 /* Project object */;
			proxyType = 1;
			remoteGlobalIDString = 162251DA2C9D438000327F48;
			remoteInfo = "ZeticMLangeFaceLandmark-iOS";
		};
		162251F62C9D438100327F48 /* PBXContainerItemProxy */ = {
			isa = PBXContainerItemProxy;
			containerPortal = 162251D32C9D438000327F48 /* Project object */;
			proxyType = 1;
			remoteGlobalIDString = 162251DA2C9D438000327F48;
			remoteInfo = "ZeticMLangeFaceLandmark-iOS";
		};
/* End PBXContainerItemProxy section */

/* Begin PBXCopyFilesBuildPhase section */
		166FA5F82C9D448300504C63 /* Embed Frameworks */ = {
			isa = PBXCopyFilesBuildPhase;
			buildActionMask = 2147483647;
			dstPath = "";
			dstSubfolderSpec = 10;
			files = (
				166FA5F72C9D448300504C63 /* ZeticMLange.framework in Embed Frameworks */,
			);
			name = "Embed Frameworks";
			runOnlyForDeploymentPostprocessing = 0;
		};
/* End PBXCopyFilesBuildPhase section */

/* Begin PBXFileReference section */
		162251DB2C9D438000327F48 /* ZeticMLangeFaceLandmark-iOS.app */ = {isa = PBXFileReference; explicitFileType = wrapper.application; includeInIndex = 0; path = "ZeticMLangeFaceLandmark-iOS.app"; sourceTree = BUILT_PRODUCTS_DIR; };
		162251EB2C9D438100327F48 /* ZeticMLangeFaceLandmark-iOSTests.xctest */ = {isa = PBXFileReference; explicitFileType = wrapper.cfbundle; includeInIndex = 0; path = "ZeticMLangeFaceLandmark-iOSTests.xctest"; sourceTree = BUILT_PRODUCTS_DIR; };
		162251F52C9D438100327F48 /* ZeticMLangeFaceLandmark-iOSUITests.xctest */ = {isa = PBXFileReference; explicitFileType = wrapper.cfbundle; includeInIndex = 0; path = "ZeticMLangeFaceLandmark-iOSUITests.xctest"; sourceTree = BUILT_PRODUCTS_DIR; };
		16563F7A2CA5717300733DC7 /* libzetic_mlange_feature_opencv.dylib */ = {isa = PBXFileReference; lastKnownFileType = "compiled.mach-o.dylib"; name = libzetic_mlange_feature_opencv.dylib; path = ZeticMLange.framework/Frameworks/libzetic_mlange_feature_opencv.dylib; sourceTree = "<group>"; };
		16563F7B2CA5717300733DC7 /* libZeticMLangeFeatureOpenCVNative.dylib */ = {isa = PBXFileReference; lastKnownFileType = "compiled.mach-o.dylib"; name = libZeticMLangeFeatureOpenCVNative.dylib; path = ZeticMLange.framework/Frameworks/libZeticMLangeFeatureOpenCVNative.dylib; sourceTree = "<group>"; };
		16563F7C2CA5717300733DC7 /* libZeticMLangeFeatureFaceLandmarkNative.dylib */ = {isa = PBXFileReference; lastKnownFileType = "compiled.mach-o.dylib"; name = libZeticMLangeFeatureFaceLandmarkNative.dylib; path = ZeticMLange.framework/Frameworks/libZeticMLangeFeatureFaceLandmarkNative.dylib; sourceTree = "<group>"; };
		16563F7D2CA5717300733DC7 /* libZeticMLangeFeatureFaceDetectionNative.dylib */ = {isa = PBXFileReference; lastKnownFileType = "compiled.mach-o.dylib"; name = libZeticMLangeFeatureFaceDetectionNative.dylib; path = ZeticMLange.framework/Frameworks/libZeticMLangeFeatureFaceDetectionNative.dylib; sourceTree = "<group>"; };
		16563F7E2CA5717300733DC7 /* libzetic_mlange_feature_yolov8.dylib */ = {isa = PBXFileReference; lastKnownFileType = "compiled.mach-o.dylib"; name = libzetic_mlange_feature_yolov8.dylib; path = ZeticMLange.framework/Frameworks/libzetic_mlange_feature_yolov8.dylib; sourceTree = "<group>"; };
		16563F7F2CA5717300733DC7 /* libZeticMLangeTorchNative.dylib */ = {isa = PBXFileReference; lastKnownFileType = "compiled.mach-o.dylib"; name = libZeticMLangeTorchNative.dylib; path = ZeticMLange.framework/Frameworks/libZeticMLangeTorchNative.dylib; sourceTree = "<group>"; };
		16563F802CA5717300733DC7 /* libzetic_mlange_feature_face_detection.dylib */ = {isa = PBXFileReference; lastKnownFileType = "compiled.mach-o.dylib"; name = libzetic_mlange_feature_face_detection.dylib; path = ZeticMLange.framework/Frameworks/libzetic_mlange_feature_face_detection.dylib; sourceTree = "<group>"; };
		16563F812CA5717300733DC7 /* libzetic_mlange_feature_face_landmark.dylib */ = {isa = PBXFileReference; lastKnownFileType = "compiled.mach-o.dylib"; name = libzetic_mlange_feature_face_landmark.dylib; path = ZeticMLange.framework/Frameworks/libzetic_mlange_feature_face_landmark.dylib; sourceTree = "<group>"; };
		16563F822CA5717300733DC7 /* libZeticMLangeModelNative.dylib */ = {isa = PBXFileReference; lastKnownFileType = "compiled.mach-o.dylib"; name = libZeticMLangeModelNative.dylib; path = ZeticMLange.framework/Frameworks/libZeticMLangeModelNative.dylib; sourceTree = "<group>"; };
		16563F832CA5717300733DC7 /* libzetic_feature_common.dylib */ = {isa = PBXFileReference; lastKnownFileType = "compiled.mach-o.dylib"; name = libzetic_feature_common.dylib; path = ZeticMLange.framework/Frameworks/libzetic_feature_common.dylib; sourceTree = "<group>"; };
		16563F842CA5717300733DC7 /* libzetic_mlange_feature_face_emotion_recognition.dylib */ = {isa = PBXFileReference; lastKnownFileType = "compiled.mach-o.dylib"; name = libzetic_mlange_feature_face_emotion_recognition.dylib; path = ZeticMLange.framework/Frameworks/libzetic_mlange_feature_face_emotion_recognition.dylib; sourceTree = "<group>"; };
		16563F852CA5717300733DC7 /* libzetic_mlange_model.dylib */ = {isa = PBXFileReference; lastKnownFileType = "compiled.mach-o.dylib"; name = libzetic_mlange_model.dylib; path = ZeticMLange.framework/Frameworks/libzetic_mlange_model.dylib; sourceTree = "<group>"; };
		16563F862CA5717300733DC7 /* libZeticMLangeFeatureYoloV8Native.dylib */ = {isa = PBXFileReference; lastKnownFileType = "compiled.mach-o.dylib"; name = libZeticMLangeFeatureYoloV8Native.dylib; path = ZeticMLange.framework/Frameworks/libZeticMLangeFeatureYoloV8Native.dylib; sourceTree = "<group>"; };
		16563F872CA5717300733DC7 /* libZeticMLangeFeatureFaceEmotionRecognitionNative.dylib */ = {isa = PBXFileReference; lastKnownFileType = "compiled.mach-o.dylib"; name = libZeticMLangeFeatureFaceEmotionRecognitionNative.dylib; path = ZeticMLange.framework/Frameworks/libZeticMLangeFeatureFaceEmotionRecognitionNative.dylib; sourceTree = "<group>"; };
		16563F882CA5717300733DC7 /* libzetic_common.dylib */ = {isa = PBXFileReference; lastKnownFileType = "compiled.mach-o.dylib"; name = libzetic_common.dylib; path = ZeticMLange.framework/Frameworks/libzetic_common.dylib; sourceTree = "<group>"; };
		166FA5F42C9D447D00504C63 /* ZeticMLange.framework */ = {isa = PBXFileReference; lastKnownFileType = wrapper.framework; path = ZeticMLange.framework; sourceTree = "<group>"; };
/* End PBXFileReference section */

/* Begin PBXFileSystemSynchronizedRootGroup section */
		162251DD2C9D438000327F48 /* ZeticMLangeFaceLandmark-iOS */ = {
			isa = PBXFileSystemSynchronizedRootGroup;
			path = "ZeticMLangeFaceLandmark-iOS";
			sourceTree = "<group>";
		};
		162251EE2C9D438100327F48 /* ZeticMLangeFaceLandmark-iOSTests */ = {
			isa = PBXFileSystemSynchronizedRootGroup;
			path = "ZeticMLangeFaceLandmark-iOSTests";
			sourceTree = "<group>";
		};
		162251F82C9D438100327F48 /* ZeticMLangeFaceLandmark-iOSUITests */ = {
			isa = PBXFileSystemSynchronizedRootGroup;
			path = "ZeticMLangeFaceLandmark-iOSUITests";
			sourceTree = "<group>";
		};
/* End PBXFileSystemSynchronizedRootGroup section */

/* Begin PBXFrameworksBuildPhase section */
		162251D82C9D438000327F48 /* Frameworks */ = {
			isa = PBXFrameworksBuildPhase;
			buildActionMask = 2147483647;
			files = (
				166FA5F62C9D448300504C63 /* ZeticMLange.framework in Frameworks */,
			);
			runOnlyForDeploymentPostprocessing = 0;
		};
		162251E82C9D438100327F48 /* Frameworks */ = {
			isa = PBXFrameworksBuildPhase;
			buildActionMask = 2147483647;
			files = (
			);
			runOnlyForDeploymentPostprocessing = 0;
		};
		162251F22C9D438100327F48 /* Frameworks */ = {
			isa = PBXFrameworksBuildPhase;
			buildActionMask = 2147483647;
			files = (
			);
			runOnlyForDeploymentPostprocessing = 0;
		};
/* End PBXFrameworksBuildPhase section */

/* Begin PBXGroup section */
		162251D22C9D438000327F48 = {
			isa = PBXGroup;
			children = (
				162251DD2C9D438000327F48 /* ZeticMLangeFaceLandmark-iOS */,
				162251EE2C9D438100327F48 /* ZeticMLangeFaceLandmark-iOSTests */,
				162251F82C9D438100327F48 /* ZeticMLangeFaceLandmark-iOSUITests */,
				162251DC2C9D438000327F48 /* Products */,
				166FA5F42C9D447D00504C63 /* ZeticMLange.framework */,
				16563F792CA5717300733DC7 /* Frameworks */,
			);
			sourceTree = "<group>";
		};
		162251DC2C9D438000327F48 /* Products */ = {
			isa = PBXGroup;
			children = (
				162251DB2C9D438000327F48 /* ZeticMLangeFaceLandmark-iOS.app */,
				162251EB2C9D438100327F48 /* ZeticMLangeFaceLandmark-iOSTests.xctest */,
				162251F52C9D438100327F48 /* ZeticMLangeFaceLandmark-iOSUITests.xctest */,
			);
			name = Products;
			sourceTree = "<group>";
		};
		16563F792CA5717300733DC7 /* Frameworks */ = {
			isa = PBXGroup;
			children = (
				16563F882CA5717300733DC7 /* libzetic_common.dylib */,
				16563F832CA5717300733DC7 /* libzetic_feature_common.dylib */,
				16563F802CA5717300733DC7 /* libzetic_mlange_feature_face_detection.dylib */,
				16563F842CA5717300733DC7 /* libzetic_mlange_feature_face_emotion_recognition.dylib */,
				16563F812CA5717300733DC7 /* libzetic_mlange_feature_face_landmark.dylib */,
				16563F7A2CA5717300733DC7 /* libzetic_mlange_feature_opencv.dylib */,
				16563F7E2CA5717300733DC7 /* libzetic_mlange_feature_yolov8.dylib */,
				16563F852CA5717300733DC7 /* libzetic_mlange_model.dylib */,
				16563F7D2CA5717300733DC7 /* libZeticMLangeFeatureFaceDetectionNative.dylib */,
				16563F872CA5717300733DC7 /* libZeticMLangeFeatureFaceEmotionRecognitionNative.dylib */,
				16563F7C2CA5717300733DC7 /* libZeticMLangeFeatureFaceLandmarkNative.dylib */,
				16563F7B2CA5717300733DC7 /* libZeticMLangeFeatureOpenCVNative.dylib */,
				16563F862CA5717300733DC7 /* libZeticMLangeFeatureYoloV8Native.dylib */,
				16563F822CA5717300733DC7 /* libZeticMLangeModelNative.dylib */,
				16563F7F2CA5717300733DC7 /* libZeticMLangeTorchNative.dylib */,
			);
			name = Frameworks;
			sourceTree = "<group>";
		};
/* End PBXGroup section */

/* Begin PBXNativeTarget section */
		162251DA2C9D438000327F48 /* ZeticMLangeFaceLandmark-iOS */ = {
			isa = PBXNativeTarget;
			buildConfigurationList = 162251FF2C9D438100327F48 /* Build configuration list for PBXNativeTarget "ZeticMLangeFaceLandmark-iOS" */;
			buildPhases = (
				162251D72C9D438000327F48 /* Sources */,
				162251D82C9D438000327F48 /* Frameworks */,
				162251D92C9D438000327F48 /* Resources */,
				166FA5F82C9D448300504C63 /* Embed Frameworks */,
			);
			buildRules = (
			);
			dependencies = (
			);
			fileSystemSynchronizedGroups = (
				162251DD2C9D438000327F48 /* ZeticMLangeFaceLandmark-iOS */,
			);
			name = "ZeticMLangeFaceLandmark-iOS";
			packageProductDependencies = (
			);
			productName = "ZeticMLangeFaceLandmark-iOS";
			productReference = 162251DB2C9D438000327F48 /* ZeticMLangeFaceLandmark-iOS.app */;
			productType = "com.apple.product-type.application";
		};
		162251EA2C9D438100327F48 /* ZeticMLangeFaceLandmark-iOSTests */ = {
			isa = PBXNativeTarget;
			buildConfigurationList = 162252022C9D438100327F48 /* Build configuration list for PBXNativeTarget "ZeticMLangeFaceLandmark-iOSTests" */;
			buildPhases = (
				162251E72C9D438100327F48 /* Sources */,
				162251E82C9D438100327F48 /* Frameworks */,
				162251E92C9D438100327F48 /* Resources */,
			);
			buildRules = (
			);
			dependencies = (
				162251ED2C9D438100327F48 /* PBXTargetDependency */,
			);
			fileSystemSynchronizedGroups = (
				162251EE2C9D438100327F48 /* ZeticMLangeFaceLandmark-iOSTests */,
			);
			name = "ZeticMLangeFaceLandmark-iOSTests";
			packageProductDependencies = (
			);
			productName = "ZeticMLangeFaceLandmark-iOSTests";
			productReference = 162251EB2C9D438100327F48 /* ZeticMLangeFaceLandmark-iOSTests.xctest */;
			productType = "com.apple.product-type.bundle.unit-test";
		};
		162251F42C9D438100327F48 /* ZeticMLangeFaceLandmark-iOSUITests */ = {
			isa = PBXNativeTarget;
			buildConfigurationList = 162252052C9D438100327F48 /* Build configuration list for PBXNativeTarget "ZeticMLangeFaceLandmark-iOSUITests" */;
			buildPhases = (
				162251F12C9D438100327F48 /* Sources */,
				162251F22C9D438100327F48 /* Frameworks */,
				162251F32C9D438100327F48 /* Resources */,
			);
			buildRules = (
			);
			dependencies = (
				162251F72C9D438100327F48 /* PBXTargetDependency */,
			);
			fileSystemSynchronizedGroups = (
				162251F82C9D438100327F48 /* ZeticMLangeFaceLandmark-iOSUITests */,
			);
			name = "ZeticMLangeFaceLandmark-iOSUITests";
			packageProductDependencies = (
			);
			productName = "ZeticMLangeFaceLandmark-iOSUITests";
			productReference = 162251F52C9D438100327F48 /* ZeticMLangeFaceLandmark-iOSUITests.xctest */;
			productType = "com.apple.product-type.bundle.ui-testing";
		};
/* End PBXNativeTarget section */

/* Begin PBXProject section */
		162251D32C9D438000327F48 /* Project object */ = {
			isa = PBXProject;
			attributes = {
				BuildIndependentTargetsInParallel = 1;
				LastSwiftUpdateCheck = 1600;
				LastUpgradeCheck = 1600;
				TargetAttributes = {
					162251DA2C9D438000327F48 = {
						CreatedOnToolsVersion = 16.0;
					};
					162251EA2C9D438100327F48 = {
						CreatedOnToolsVersion = 16.0;
						TestTargetID = 162251DA2C9D438000327F48;
					};
					162251F42C9D438100327F48 = {
						CreatedOnToolsVersion = 16.0;
						TestTargetID = 162251DA2C9D438000327F48;
					};
				};
			};
			buildConfigurationList = 162251D62C9D438000327F48 /* Build configuration list for PBXProject "ZeticMLangeFaceLandmark-iOS" */;
			developmentRegion = en;
			hasScannedForEncodings = 0;
			knownRegions = (
				en,
				Base,
			);
			mainGroup = 162251D22C9D438000327F48;
			minimizedProjectReferenceProxies = 1;
			preferredProjectObjectVersion = 77;
			productRefGroup = 162251DC2C9D438000327F48 /* Products */;
			projectDirPath = "";
			projectRoot = "";
			targets = (
				162251DA2C9D438000327F48 /* ZeticMLangeFaceLandmark-iOS */,
				162251EA2C9D438100327F48 /* ZeticMLangeFaceLandmark-iOSTests */,
				162251F42C9D438100327F48 /* ZeticMLangeFaceLandmark-iOSUITests */,
			);
		};
/* End PBXProject section */

/* Begin PBXResourcesBuildPhase section */
		162251D92C9D438000327F48 /* Resources */ = {
			isa = PBXResourcesBuildPhase;
			buildActionMask = 2147483647;
			files = (
			);
			runOnlyForDeploymentPostprocessing = 0;
		};
		162251E92C9D438100327F48 /* Resources */ = {
			isa = PBXResourcesBuildPhase;
			buildActionMask = 2147483647;
			files = (
			);
			runOnlyForDeploymentPostprocessing = 0;
		};
		162251F32C9D438100327F48 /* Resources */ = {
			isa = PBXResourcesBuildPhase;
			buildActionMask = 2147483647;
			files = (
			);
			runOnlyForDeploymentPostprocessing = 0;
		};
/* End PBXResourcesBuildPhase section */

/* Begin PBXSourcesBuildPhase section */
		162251D72C9D438000327F48 /* Sources */ = {
			isa = PBXSourcesBuildPhase;
			buildActionMask = 2147483647;
			files = (
			);
			runOnlyForDeploymentPostprocessing = 0;
		};
		162251E72C9D438100327F48 /* Sources */ = {
			isa = PBXSourcesBuildPhase;
			buildActionMask = 2147483647;
			files = (
			);
			runOnlyForDeploymentPostprocessing = 0;
		};
		162251F12C9D438100327F48 /* Sources */ = {
			isa = PBXSourcesBuildPhase;
			buildActionMask = 2147483647;
			files = (
			);
			runOnlyForDeploymentPostprocessing = 0;
		};
/* End PBXSourcesBuildPhase section */

/* Begin PBXTargetDependency section */
		162251ED2C9D438100327F48 /* PBXTargetDependency */ = {
			isa = PBXTargetDependency;
			target = 162251DA2C9D438000327F48 /* ZeticMLangeFaceLandmark-iOS */;
			targetProxy = 162251EC2C9D438100327F48 /* PBXContainerItemProxy */;
		};
		162251F72C9D438100327F48 /* PBXTargetDependency */ = {
			isa = PBXTargetDependency;
			target = 162251DA2C9D438000327F48 /* ZeticMLangeFaceLandmark-iOS */;
			targetProxy = 162251F62C9D438100327F48 /* PBXContainerItemProxy */;
		};
/* End PBXTargetDependency section */

/* Begin XCBuildConfiguration section */
		162251FD2C9D438100327F48 /* Debug */ = {
			isa = XCBuildConfiguration;
			buildSettings = {
				ALWAYS_SEARCH_USER_PATHS = NO;
				ASSETCATALOG_COMPILER_GENERATE_SWIFT_ASSET_SYMBOL_EXTENSIONS = YES;
				CLANG_ANALYZER_NONNULL = YES;
				CLANG_ANALYZER_NUMBER_OBJECT_CONVERSION = YES_AGGRESSIVE;
				CLANG_CXX_LANGUAGE_STANDARD = "gnu++20";
				CLANG_ENABLE_MODULES = YES;
				CLANG_ENABLE_OBJC_ARC = YES;
				CLANG_ENABLE_OBJC_WEAK = YES;
				CLANG_WARN_BLOCK_CAPTURE_AUTORELEASING = YES;
				CLANG_WARN_BOOL_CONVERSION = YES;
				CLANG_WARN_COMMA = YES;
				CLANG_WARN_CONSTANT_CONVERSION = YES;
				CLANG_WARN_DEPRECATED_OBJC_IMPLEMENTATIONS = YES;
				CLANG_WARN_DIRECT_OBJC_ISA_USAGE = YES_ERROR;
				CLANG_WARN_DOCUMENTATION_COMMENTS = YES;
				CLANG_WARN_EMPTY_BODY = YES;
				CLANG_WARN_ENUM_CONVERSION = YES;
				CLANG_WARN_INFINITE_RECURSION = YES;
				CLANG_WARN_INT_CONVERSION = YES;
				CLANG_WARN_NON_LITERAL_NULL_CONVERSION = YES;
				CLANG_WARN_OBJC_IMPLICIT_RETAIN_SELF = YES;
				CLANG_WARN_OBJC_LITERAL_CONVERSION = YES;
				CLANG_WARN_OBJC_ROOT_CLASS = YES_ERROR;
				CLANG_WARN_QUOTED_INCLUDE_IN_FRAMEWORK_HEADER = YES;
				CLANG_WARN_RANGE_LOOP_ANALYSIS = YES;
				CLANG_WARN_STRICT_PROTOTYPES = YES;
				CLANG_WARN_SUSPICIOUS_MOVE = YES;
				CLANG_WARN_UNGUARDED_AVAILABILITY = YES_AGGRESSIVE;
				CLANG_WARN_UNREACHABLE_CODE = YES;
				CLANG_WARN__DUPLICATE_METHOD_MATCH = YES;
				COPY_PHASE_STRIP = NO;
				DEBUG_INFORMATION_FORMAT = dwarf;
				ENABLE_STRICT_OBJC_MSGSEND = YES;
				ENABLE_TESTABILITY = YES;
				ENABLE_USER_SCRIPT_SANDBOXING = YES;
				GCC_C_LANGUAGE_STANDARD = gnu17;
				GCC_DYNAMIC_NO_PIC = NO;
				GCC_NO_COMMON_BLOCKS = YES;
				GCC_OPTIMIZATION_LEVEL = 0;
				GCC_PREPROCESSOR_DEFINITIONS = (
					"DEBUG=1",
					"$(inherited)",
				);
				GCC_WARN_64_TO_32_BIT_CONVERSION = YES;
				GCC_WARN_ABOUT_RETURN_TYPE = YES_ERROR;
				GCC_WARN_UNDECLARED_SELECTOR = YES;
				GCC_WARN_UNINITIALIZED_AUTOS = YES_AGGRESSIVE;
				GCC_WARN_UNUSED_FUNCTION = YES;
				GCC_WARN_UNUSED_VARIABLE = YES;
				IPHONEOS_DEPLOYMENT_TARGET = 18.0;
				LOCALIZATION_PREFERS_STRING_CATALOGS = YES;
				MTL_ENABLE_DEBUG_INFO = INCLUDE_SOURCE;
				MTL_FAST_MATH = YES;
				ONLY_ACTIVE_ARCH = YES;
				SDKROOT = iphoneos;
				SWIFT_ACTIVE_COMPILATION_CONDITIONS = "DEBUG $(inherited)";
				SWIFT_OPTIMIZATION_LEVEL = "-Onone";
			};
			name = Debug;
		};
		162251FE2C9D438100327F48 /* Release */ = {
			isa = XCBuildConfiguration;
			buildSettings = {
				ALWAYS_SEARCH_USER_PATHS = NO;
				ASSETCATALOG_COMPILER_GENERATE_SWIFT_ASSET_SYMBOL_EXTENSIONS = YES;
				CLANG_ANALYZER_NONNULL = YES;
				CLANG_ANALYZER_NUMBER_OBJECT_CONVERSION = YES_AGGRESSIVE;
				CLANG_CXX_LANGUAGE_STANDARD = "gnu++20";
				CLANG_ENABLE_MODULES = YES;
				CLANG_ENABLE_OBJC_ARC = YES;
				CLANG_ENABLE_OBJC_WEAK = YES;
				CLANG_WARN_BLOCK_CAPTURE_AUTORELEASING = YES;
				CLANG_WARN_BOOL_CONVERSION = YES;
				CLANG_WARN_COMMA = YES;
				CLANG_WARN_CONSTANT_CONVERSION = YES;
				CLANG_WARN_DEPRECATED_OBJC_IMPLEMENTATIONS = YES;
				CLANG_WARN_DIRECT_OBJC_ISA_USAGE = YES_ERROR;
				CLANG_WARN_DOCUMENTATION_COMMENTS = YES;
				CLANG_WARN_EMPTY_BODY = YES;
				CLANG_WARN_ENUM_CONVERSION = YES;
				CLANG_WARN_INFINITE_RECURSION = YES;
				CLANG_WARN_INT_CONVERSION = YES;
				CLANG_WARN_NON_LITERAL_NULL_CONVERSION = YES;
				CLANG_WARN_OBJC_IMPLICIT_RETAIN_SELF = YES;
				CLANG_WARN_OBJC_LITERAL_CONVERSION = YES;
				CLANG_WARN_OBJC_ROOT_CLASS = YES_ERROR;
				CLANG_WARN_QUOTED_INCLUDE_IN_FRAMEWORK_HEADER = YES;
				CLANG_WARN_RANGE_LOOP_ANALYSIS = YES;
				CLANG_WARN_STRICT_PROTOTYPES = YES;
				CLANG_WARN_SUSPICIOUS_MOVE = YES;
				CLANG_WARN_UNGUARDED_AVAILABILITY = YES_AGGRESSIVE;
				CLANG_WARN_UNREACHABLE_CODE = YES;
				CLANG_WARN__DUPLICATE_METHOD_MATCH = YES;
				COPY_PHASE_STRIP = NO;
				DEBUG_INFORMATION_FORMAT = "dwarf-with-dsym";
				ENABLE_NS_ASSERTIONS = NO;
				ENABLE_STRICT_OBJC_MSGSEND = YES;
				ENABLE_USER_SCRIPT_SANDBOXING = YES;
				GCC_C_LANGUAGE_STANDARD = gnu17;
				GCC_NO_COMMON_BLOCKS = YES;
				GCC_WARN_64_TO_32_BIT_CONVERSION = YES;
				GCC_WARN_ABOUT_RETURN_TYPE = YES_ERROR;
				GCC_WARN_UNDECLARED_SELECTOR = YES;
				GCC_WARN_UNINITIALIZED_AUTOS = YES_AGGRESSIVE;
				GCC_WARN_UNUSED_FUNCTION = YES;
				GCC_WARN_UNUSED_VARIABLE = YES;
				IPHONEOS_DEPLOYMENT_TARGET = 18.0;
				LOCALIZATION_PREFERS_STRING_CATALOGS = YES;
				MTL_ENABLE_DEBUG_INFO = NO;
				MTL_FAST_MATH = YES;
				SDKROOT = iphoneos;
				SWIFT_COMPILATION_MODE = wholemodule;
				VALIDATE_PRODUCT = YES;
			};
			name = Release;
		};
		162252002C9D438100327F48 /* Debug */ = {
			isa = XCBuildConfiguration;
			buildSettings = {
				ASSETCATALOG_COMPILER_APPICON_NAME = AppIcon;
				ASSETCATALOG_COMPILER_GLOBAL_ACCENT_COLOR_NAME = AccentColor;
				CODE_SIGN_STYLE = Automatic;
				CURRENT_PROJECT_VERSION = 1;
				DEVELOPMENT_ASSET_PATHS = "\"ZeticMLangeFaceLandmark-iOS/Preview Content\"";
				DEVELOPMENT_TEAM = 8WTTXXB63L;
				ENABLE_PREVIEWS = YES;
				FRAMEWORK_SEARCH_PATHS = (
					"$(inherited)",
					"$(PROJECT_DIR)",
				);
				GENERATE_INFOPLIST_FILE = YES;
				INFOPLIST_KEY_NSCameraUsageDescription = "";
				INFOPLIST_KEY_UIApplicationSceneManifest_Generation = YES;
				INFOPLIST_KEY_UIApplicationSupportsIndirectInputEvents = YES;
				INFOPLIST_KEY_UILaunchScreen_Generation = YES;
				INFOPLIST_KEY_UISupportedInterfaceOrientations_iPad = "UIInterfaceOrientationPortrait UIInterfaceOrientationPortraitUpsideDown UIInterfaceOrientationLandscapeLeft UIInterfaceOrientationLandscapeRight";
				INFOPLIST_KEY_UISupportedInterfaceOrientations_iPhone = "UIInterfaceOrientationPortrait UIInterfaceOrientationLandscapeLeft UIInterfaceOrientationLandscapeRight";
				LD_RUNPATH_SEARCH_PATHS = (
					"$(inherited)",
					"@executable_path/Frameworks",
				);
				LIBRARY_SEARCH_PATHS = (
					"$(inherited)",
					"$(PROJECT_DIR)/ZeticMLange.framework/Frameworks",
				);
				MARKETING_VERSION = 1.0;
				PRODUCT_BUNDLE_IDENTIFIER = com.zeticai.FaceLandmark;
				PRODUCT_NAME = "$(TARGET_NAME)";
				SWIFT_EMIT_LOC_STRINGS = YES;
				SWIFT_VERSION = 5.0;
				TARGETED_DEVICE_FAMILY = "1,2";
			};
			name = Debug;
		};
		162252012C9D438100327F48 /* Release */ = {
			isa = XCBuildConfiguration;
			buildSettings = {
				ASSETCATALOG_COMPILER_APPICON_NAME = AppIcon;
				ASSETCATALOG_COMPILER_GLOBAL_ACCENT_COLOR_NAME = AccentColor;
				CODE_SIGN_STYLE = Automatic;
				CURRENT_PROJECT_VERSION = 1;
				DEVELOPMENT_ASSET_PATHS = "\"ZeticMLangeFaceLandmark-iOS/Preview Content\"";
				DEVELOPMENT_TEAM = 8WTTXXB63L;
				ENABLE_PREVIEWS = YES;
				FRAMEWORK_SEARCH_PATHS = (
					"$(inherited)",
					"$(PROJECT_DIR)",
				);
				GENERATE_INFOPLIST_FILE = YES;
				INFOPLIST_KEY_NSCameraUsageDescription = "";
				INFOPLIST_KEY_UIApplicationSceneManifest_Generation = YES;
				INFOPLIST_KEY_UIApplicationSupportsIndirectInputEvents = YES;
				INFOPLIST_KEY_UILaunchScreen_Generation = YES;
				INFOPLIST_KEY_UISupportedInterfaceOrientations_iPad = "UIInterfaceOrientationPortrait UIInterfaceOrientationPortraitUpsideDown UIInterfaceOrientationLandscapeLeft UIInterfaceOrientationLandscapeRight";
				INFOPLIST_KEY_UISupportedInterfaceOrientations_iPhone = "UIInterfaceOrientationPortrait UIInterfaceOrientationLandscapeLeft UIInterfaceOrientationLandscapeRight";
				LD_RUNPATH_SEARCH_PATHS = (
					"$(inherited)",
					"@executable_path/Frameworks",
				);
				LIBRARY_SEARCH_PATHS = (
					"$(inherited)",
					"$(PROJECT_DIR)/ZeticMLange.framework/Frameworks",
				);
				MARKETING_VERSION = 1.0;
				PRODUCT_BUNDLE_IDENTIFIER = com.zeticai.FaceLandmark;
				PRODUCT_NAME = "$(TARGET_NAME)";
				SWIFT_EMIT_LOC_STRINGS = YES;
				SWIFT_VERSION = 5.0;
				TARGETED_DEVICE_FAMILY = "1,2";
			};
			name = Release;
		};
		162252032C9D438100327F48 /* Debug */ = {
			isa = XCBuildConfiguration;
			buildSettings = {
				BUNDLE_LOADER = "$(TEST_HOST)";
				CODE_SIGN_STYLE = Automatic;
				CURRENT_PROJECT_VERSION = 1;
				DEVELOPMENT_TEAM = 7MFYYTGH2P;
				GENERATE_INFOPLIST_FILE = YES;
				IPHONEOS_DEPLOYMENT_TARGET = 18.0;
				MARKETING_VERSION = 1.0;
				PRODUCT_BUNDLE_IDENTIFIER = "com.zetic.ZeticMLangeFaceLandmark-iOSTests";
				PRODUCT_NAME = "$(TARGET_NAME)";
				SWIFT_EMIT_LOC_STRINGS = NO;
				SWIFT_VERSION = 5.0;
				TARGETED_DEVICE_FAMILY = "1,2";
				TEST_HOST = "$(BUILT_PRODUCTS_DIR)/ZeticMLangeFaceLandmark-iOS.app/$(BUNDLE_EXECUTABLE_FOLDER_PATH)/ZeticMLangeFaceLandmark-iOS";
			};
			name = Debug;
		};
		162252042C9D438100327F48 /* Release */ = {
			isa = XCBuildConfiguration;
			buildSettings = {
				BUNDLE_LOADER = "$(TEST_HOST)";
				CODE_SIGN_STYLE = Automatic;
				CURRENT_PROJECT_VERSION = 1;
				DEVELOPMENT_TEAM = 7MFYYTGH2P;
				GENERATE_INFOPLIST_FILE = YES;
				IPHONEOS_DEPLOYMENT_TARGET = 18.0;
				MARKETING_VERSION = 1.0;
				PRODUCT_BUNDLE_IDENTIFIER = "com.zetic.ZeticMLangeFaceLandmark-iOSTests";
				PRODUCT_NAME = "$(TARGET_NAME)";
				SWIFT_EMIT_LOC_STRINGS = NO;
				SWIFT_VERSION = 5.0;
				TARGETED_DEVICE_FAMILY = "1,2";
				TEST_HOST = "$(BUILT_PRODUCTS_DIR)/ZeticMLangeFaceLandmark-iOS.app/$(BUNDLE_EXECUTABLE_FOLDER_PATH)/ZeticMLangeFaceLandmark-iOS";
			};
			name = Release;
		};
		162252062C9D438100327F48 /* Debug */ = {
			isa = XCBuildConfiguration;
			buildSettings = {
				CODE_SIGN_STYLE = Automatic;
				CURRENT_PROJECT_VERSION = 1;
				DEVELOPMENT_TEAM = 7MFYYTGH2P;
				GENERATE_INFOPLIST_FILE = YES;
				MARKETING_VERSION = 1.0;
				PRODUCT_BUNDLE_IDENTIFIER = "com.zetic.ZeticMLangeFaceLandmark-iOSUITests";
				PRODUCT_NAME = "$(TARGET_NAME)";
				SWIFT_EMIT_LOC_STRINGS = NO;
				SWIFT_VERSION = 5.0;
				TARGETED_DEVICE_FAMILY = "1,2";
				TEST_TARGET_NAME = "ZeticMLangeFaceLandmark-iOS";
			};
			name = Debug;
		};
		162252072C9D438100327F48 /* Release */ = {
			isa = XCBuildConfiguration;
			buildSettings = {
				CODE_SIGN_STYLE = Automatic;
				CURRENT_PROJECT_VERSION = 1;
				DEVELOPMENT_TEAM = 7MFYYTGH2P;
				GENERATE_INFOPLIST_FILE = YES;
				MARKETING_VERSION = 1.0;
				PRODUCT_BUNDLE_IDENTIFIER = "com.zetic.ZeticMLangeFaceLandmark-iOSUITests";
				PRODUCT_NAME = "$(TARGET_NAME)";
				SWIFT_EMIT_LOC_STRINGS = NO;
				SWIFT_VERSION = 5.0;
				TARGETED_DEVICE_FAMILY = "1,2";
				TEST_TARGET_NAME = "ZeticMLangeFaceLandmark-iOS";
			};
			name = Release;
		};
/* End XCBuildConfiguration section */

/* Begin XCConfigurationList section */
		162251D62C9D438000327F48 /* Build configuration list for PBXProject "ZeticMLangeFaceLandmark-iOS" */ = {
			isa = XCConfigurationList;
			buildConfigurations = (
				162251FD2C9D438100327F48 /* Debug */,
				162251FE2C9D438100327F48 /* Release */,
			);
			defaultConfigurationIsVisible = 0;
			defaultConfigurationName = Release;
		};
		162251FF2C9D438100327F48 /* Build configuration list for PBXNativeTarget "ZeticMLangeFaceLandmark-iOS" */ = {
			isa = XCConfigurationList;
			buildConfigurations = (
				162252002C9D438100327F48 /* Debug */,
				162252012C9D438100327F48 /* Release */,
			);
			defaultConfigurationIsVisible = 0;
			defaultConfigurationName = Release;
		};
		162252022C9D438100327F48 /* Build configuration list for PBXNativeTarget "ZeticMLangeFaceLandmark-iOSTests" */ = {
			isa = XCConfigurationList;
			buildConfigurations = (
				162252032C9D438100327F48 /* Debug */,
				162252042C9D438100327F48 /* Release */,
			);
			defaultConfigurationIsVisible = 0;
			defaultConfigurationName = Release;
		};
		162252052C9D438100327F48 /* Build configuration list for PBXNativeTarget "ZeticMLangeFaceLandmark-iOSUITests" */ = {
			isa = XCConfigurationList;
			buildConfigurations = (
				162252062C9D438100327F48 /* Debug */,
				162252072C9D438100327F48 /* Release */,
			);
			defaultConfigurationIsVisible = 0;
			defaultConfigurationName = Release;
		};
/* End XCConfigurationList section */
	};
	rootObject = 162251D32C9D438000327F48 /* Project object */;
}
