// !$*UTF8*$!
{
	archiveVersion = 1;
	classes = {
	};
	objectVersion = 56;
	objects = {

/* Begin PBXBuildFile section */
		4B3C7F2A2A8B4C5D00000000 /* NeuTTSNanoApp.swift in Sources */ = {isa = PBXBuildFile; fileRef = 4B3C7F292A8B4C5D00000000 /* NeuTTSNanoApp.swift */; };
		4B3C7F2C2A8B4C5D00000000 /* ContentView.swift in Sources */ = {isa = PBXBuildFile; fileRef = 4B3C7F2B2A8B4C5D00000000 /* ContentView.swift */; };
		4B3C7F2E2A8B4C5D00000000 /* NeuTTSManager.swift in Sources */ = {isa = PBXBuildFile; fileRef = 4B3C7F2D2A8B4C5D00000000 /* NeuTTSManager.swift */; };
		7F75EB1B2F216B6C00AB8D5F /* ZeticMLange in Frameworks */ = {isa = PBXBuildFile; productRef = 7F75EB1A2F216B6C00AB8D5F /* ZeticMLange */; };
		7F75EB1E2F2204B000AB8D5F /* tokenizer (2).json in Resources */ = {isa = PBXBuildFile; fileRef = 7F75EB1D2F2204B000AB8D5F /* tokenizer (2).json */; };
		7F75EB1F2F2204B000AB8D5F /* special_tokens_map (1).json in Resources */ = {isa = PBXBuildFile; fileRef = 7F75EB1C2F2204B000AB8D5F /* special_tokens_map (1).json */; };
		7F75EB3F2F221A2A00AB8D5F /* EspeakPhonemizer.swift in Sources */ = {isa = PBXBuildFile; fileRef = 7F75EB3E2F221A2A00AB8D5F /* EspeakPhonemizer.swift */; };
		7F75F2672F228EA600AB8D5F /* libespeak-ng.a in Frameworks */ = {isa = PBXBuildFile; fileRef = 7F75F2662F228EA600AB8D5F /* libespeak-ng.a */; };
		7F75F4002F2295B900AB8D5F /* espeak-ng-data in Resources */ = {isa = PBXBuildFile; fileRef = 7F75F3FF2F2295B900AB8D5F /* espeak-ng-data */; };
/* End PBXBuildFile section */

/* Begin PBXFileReference section */
		4B3C7F262A8B4C5D00000000 /* NeuTTSNanoApp.app */ = {isa = PBXFileReference; explicitFileType = wrapper.application; includeInIndex = 0; path = NeuTTSNanoApp.app; sourceTree = BUILT_PRODUCTS_DIR; };
		4B3C7F292A8B4C5D00000000 /* NeuTTSNanoApp.swift */ = {isa = PBXFileReference; lastKnownFileType = sourcecode.swift; path = NeuTTSNanoApp.swift; sourceTree = "<group>"; };
		4B3C7F2B2A8B4C5D00000000 /* ContentView.swift */ = {isa = PBXFileReference; lastKnownFileType = sourcecode.swift; path = ContentView.swift; sourceTree = "<group>"; };
		4B3C7F2D2A8B4C5D00000000 /* NeuTTSManager.swift */ = {isa = PBXFileReference; lastKnownFileType = sourcecode.swift; path = NeuTTSManager.swift; sourceTree = "<group>"; };
		4B3C7F2F2A8B4C5D00000000 /* Info.plist */ = {isa = PBXFileReference; lastKnownFileType = text.plist.xml; path = Info.plist; sourceTree = "<group>"; };
		7F75EB1C2F2204B000AB8D5F /* special_tokens_map (1).json */ = {isa = PBXFileReference; lastKnownFileType = text.json; path = "special_tokens_map (1).json"; sourceTree = "<group>"; };
		7F75EB1D2F2204B000AB8D5F /* tokenizer (2).json */ = {isa = PBXFileReference; lastKnownFileType = text.json; path = "tokenizer (2).json"; sourceTree = "<group>"; };
		7F75EB3E2F221A2A00AB8D5F /* EspeakPhonemizer.swift */ = {isa = PBXFileReference; lastKnownFileType = sourcecode.swift; path = EspeakPhonemizer.swift; sourceTree = "<group>"; };
		7F75F2662F228EA600AB8D5F /* libespeak-ng.a */ = {isa = PBXFileReference; lastKnownFileType = archive.ar; path = "libespeak-ng.a"; sourceTree = "<group>"; };
		7F75F3FF2F2295B900AB8D5F /* espeak-ng-data */ = {isa = PBXFileReference; lastKnownFileType = folder; path = "espeak-ng-data"; sourceTree = "<group>"; };
/* End PBXFileReference section */

/* Begin PBXFrameworksBuildPhase section */
		4B3C7F232A8B4C5D00000000 /* Frameworks */ = {
			isa = PBXFrameworksBuildPhase;
			buildActionMask = 2147483647;
			files = (
				7F75F2672F228EA600AB8D5F /* libespeak-ng.a in Frameworks */,
				7F75EB1B2F216B6C00AB8D5F /* ZeticMLange in Frameworks */,
			);
			runOnlyForDeploymentPostprocessing = 0;
		};
/* End PBXFrameworksBuildPhase section */

/* Begin PBXGroup section */
		4B3C7F1D2A8B4C5D00000000 = {
			isa = PBXGroup;
			children = (
				4B3C7F282A8B4C5D00000000 /* Sources/NeuTTSNanoApp */,
				7F75F2652F228EA600AB8D5F /* Frameworks */,
				4B3C7F272A8B4C5D00000000 /* Products */,
				7F75F3FF2F2295B900AB8D5F /* espeak-ng-data */,
			);
			sourceTree = "<group>";
		};
		4B3C7F272A8B4C5D00000000 /* Products */ = {
			isa = PBXGroup;
			children = (
				4B3C7F262A8B4C5D00000000 /* NeuTTSNanoApp.app */,
			);
			name = Products;
			sourceTree = "<group>";
		};
		4B3C7F282A8B4C5D00000000 /* Sources/NeuTTSNanoApp */ = {
			isa = PBXGroup;
			children = (
				7F75EB1C2F2204B000AB8D5F /* special_tokens_map (1).json */,
				7F75EB1D2F2204B000AB8D5F /* tokenizer (2).json */,
				4B3C7F292A8B4C5D00000000 /* NeuTTSNanoApp.swift */,
				4B3C7F2B2A8B4C5D00000000 /* ContentView.swift */,
				7F75EB3E2F221A2A00AB8D5F /* EspeakPhonemizer.swift */,
				4B3C7F2D2A8B4C5D00000000 /* NeuTTSManager.swift */,
				4B3C7F2F2A8B4C5D00000000 /* Info.plist */,
			);
			path = Sources/NeuTTSNanoApp;
			sourceTree = SOURCE_ROOT;
		};
		7F75F2652F228EA600AB8D5F /* Frameworks */ = {
			isa = PBXGroup;
			children = (
				7F75F2662F228EA600AB8D5F /* libespeak-ng.a */,
			);
			name = Frameworks;
			sourceTree = "<group>";
		};
/* End PBXGroup section */

/* Begin PBXNativeTarget section */
		4B3C7F252A8B4C5D00000000 /* NeuTTSNanoApp */ = {
			isa = PBXNativeTarget;
			buildConfigurationList = 4B3C7F352A8B4C5D00000000 /* Build configuration list for PBXNativeTarget "NeuTTSNanoApp" */;
			buildPhases = (
				4B3C7F222A8B4C5D00000000 /* Sources */,
				4B3C7F232A8B4C5D00000000 /* Frameworks */,
				4B3C7F242A8B4C5D00000000 /* Resources */,
			);
			buildRules = (
			);
			dependencies = (
			);
			name = NeuTTSNanoApp;
			productName = NeuTTSNanoApp;
			productReference = 4B3C7F262A8B4C5D00000000 /* NeuTTSNanoApp.app */;
			productType = "com.apple.product-type.application";
		};
/* End PBXNativeTarget section */

/* Begin PBXProject section */
		4B3C7F1E2A8B4C5D00000000 /* Project object */ = {
			isa = PBXProject;
			attributes = {
				BuildIndependentTargetsInParallel = 1;
				LastSwiftUpdateCheck = 1430;
				LastUpgradeCheck = 1430;
				TargetAttributes = {
					4B3C7F252A8B4C5D00000000 = {
						CreatedOnToolsVersion = 14.3;
					};
				};
			};
			buildConfigurationList = 4B3C7F212A8B4C5D00000000 /* Build configuration list for PBXProject "NeuTTSNanoApp" */;
			compatibilityVersion = "Xcode 14.0";
			developmentRegion = en;
			hasScannedForEncodings = 0;
			knownRegions = (
				en,
				Base,
			);
			mainGroup = 4B3C7F1D2A8B4C5D00000000;
			packageReferences = (
				7F75EB192F216B6C00AB8D5F /* XCRemoteSwiftPackageReference "ZeticMLangeiOS" */,
			);
			productRefGroup = 4B3C7F272A8B4C5D00000000 /* Products */;
			projectDirPath = "";
			projectRoot = "";
			targets = (
				4B3C7F252A8B4C5D00000000 /* NeuTTSNanoApp */,
			);
		};
/* End PBXProject section */

/* Begin PBXResourcesBuildPhase section */
		4B3C7F242A8B4C5D00000000 /* Resources */ = {
			isa = PBXResourcesBuildPhase;
			buildActionMask = 2147483647;
			files = (
				7F75F4002F2295B900AB8D5F /* espeak-ng-data in Resources */,
				7F75EB1E2F2204B000AB8D5F /* tokenizer (2).json in Resources */,
				7F75EB1F2F2204B000AB8D5F /* special_tokens_map (1).json in Resources */,
			);
			runOnlyForDeploymentPostprocessing = 0;
		};
/* End PBXResourcesBuildPhase section */

/* Begin PBXSourcesBuildPhase section */
		4B3C7F222A8B4C5D00000000 /* Sources */ = {
			isa = PBXSourcesBuildPhase;
			buildActionMask = 2147483647;
			files = (
				4B3C7F2A2A8B4C5D00000000 /* NeuTTSNanoApp.swift in Sources */,
				4B3C7F2C2A8B4C5D00000000 /* ContentView.swift in Sources */,
				7F75EB3F2F221A2A00AB8D5F /* EspeakPhonemizer.swift in Sources */,
				4B3C7F2E2A8B4C5D00000000 /* NeuTTSManager.swift in Sources */,
			);
			runOnlyForDeploymentPostprocessing = 0;
		};
/* End PBXSourcesBuildPhase section */

/* Begin XCBuildConfiguration section */
		4B3C7F362A8B4C5D00000000 /* Debug */ = {
			isa = XCBuildConfiguration;
			buildSettings = {
				ALWAYS_SEARCH_USER_PATHS = NO;
				CLANG_ANALYZER_NONNULL = YES;
				CLANG_ANALYZER_NUMBER_OBJECT_CONVERSION = YES_AGGRESSIVE;
				CLANG_CXX_LANGUAGE_STANDARD = "gnu++20";
				CLANG_ENABLE_MODULES = YES;
				CLANG_ENABLE_OBJC_ARC = YES;
				CLANG_ENABLE_OBJC_WEAK = YES;
				CLANG_WARN_BLOCK_CAPTURE_AUTORELEASING = YES;
				CLANG_WARN_BOOL_CONVERSION = YES;
				CLANG_WARN_COMMA = YES;
				CLANG_WARN_CONSTANT_CONVERSION = YES;
				CLANG_WARN_DEPRECATED_OBJC_IMPLEMENTATIONS = YES;
				CLANG_WARN_DIRECT_OBJC_ISA_USAGE = YES_AGGRESSIVE;
				CLANG_WARN_DOCUMENTATION_COMMENTS = YES;
				CLANG_WARN_EMPTY_BODY = YES;
				CLANG_WARN_ENUM_CONVERSION = YES;
				CLANG_WARN_INFINITE_RECURSION = YES;
				CLANG_WARN_INT_CONVERSION = YES;
				CLANG_WARN_NON_LITERAL_NULL_CONVERSION = YES;
				CLANG_WARN_OBJC_IMPLICIT_RETAIN_SELF = YES;
				CLANG_WARN_OBJC_LITERAL_CONVERSION = YES;
				CLANG_WARN_OBJC_ROOT_CLASS = YES;
				CLANG_WARN_QUOTED_INCLUDE_IN_FRAMEWORK_HEADER = YES;
				CLANG_WARN_RANGE_LOOP_ANALYSIS = YES_AGGRESSIVE;
				CLANG_WARN_STRICT_PROTOTYPES = YES;
				CLANG_WARN_SUSPICIOUS_MOVE = YES;
				CLANG_WARN_UNGUARDED_AVAILABILITY = YES_AGGRESSIVE;
				CLANG_WARN_UNREACHABLE_CODE = YES;
				CLANG_WARN__DUPLICATE_METHOD_MATCH = YES;
				COPY_PHASE_STRIP = NO;
				DEAD_CODE_STRIPPING = YES;
				DEBUG_INFORMATION_FORMAT = dwarf;
				ENABLE_STRICT_OBJC_MSGSEND = YES;
				ENABLE_TESTABILITY = YES;
				GCC_C_LANGUAGE_STANDARD = gnu11;
				GCC_DYNAMIC_NO_PIC = NO;
				GCC_NO_COMMON_BLOCKS = YES;
				GCC_OPTIMIZATION_LEVEL = 0;
				GCC_PREPROCESSOR_DEFINITIONS = (
					"DEBUG=1",
					"$(inherited)",
				);
				GCC_WARN_64_TO_32_BIT_CONVERSION = YES;
				GCC_WARN_ABOUT_RETURN_TYPE = YES_ERROR;
				GCC_WARN_UNDECLARED_SELECTOR = YES;
				GCC_WARN_UNINITIALIZED_AUTOS = YES_AGGRESSIVE;
				GCC_WARN_UNUSED_FUNCTION = YES;
				GCC_WARN_UNUSED_VARIABLE = YES;
				MTL_ENABLE_DEBUG_INFO = INCLUDE_SOURCE;
				MTL_FAST_MATH = YES;
				ONLY_ACTIVE_ARCH = YES;
				SDKROOT = iphoneos;
				SWIFT_ACTIVE_COMPILATION_CONDITIONS = DEBUG;
				SWIFT_OPTIMIZATION_LEVEL = "-Onone";
			};
			name = Debug;
		};
		4B3C7F372A8B4C5D00000000 /* Release */ = {
			isa = XCBuildConfiguration;
			buildSettings = {
				ALWAYS_SEARCH_USER_PATHS = NO;
				CLANG_ANALYZER_NONNULL = YES;
				CLANG_ANALYZER_NUMBER_OBJECT_CONVERSION = YES_AGGRESSIVE;
				CLANG_CXX_LANGUAGE_STANDARD = "gnu++20";
				CLANG_ENABLE_MODULES = YES;
				CLANG_ENABLE_OBJC_ARC = YES;
				CLANG_ENABLE_OBJC_WEAK = YES;
				CLANG_WARN_BLOCK_CAPTURE_AUTORELEASING = YES;
				CLANG_WARN_BOOL_CONVERSION = YES;
				CLANG_WARN_COMMA = YES;
				CLANG_WARN_CONSTANT_CONVERSION = YES;
				CLANG_WARN_DEPRECATED_OBJC_IMPLEMENTATIONS = YES;
				CLANG_WARN_DIRECT_OBJC_ISA_USAGE = YES_AGGRESSIVE;
				CLANG_WARN_DOCUMENTATION_COMMENTS = YES;
				CLANG_WARN_EMPTY_BODY = YES;
				CLANG_WARN_ENUM_CONVERSION = YES;
				CLANG_WARN_INFINITE_RECURSION = YES;
				CLANG_WARN_INT_CONVERSION = YES;
				CLANG_WARN_NON_LITERAL_NULL_CONVERSION = YES;
				CLANG_WARN_OBJC_IMPLICIT_RETAIN_SELF = YES;
				CLANG_WARN_OBJC_LITERAL_CONVERSION = YES;
				CLANG_WARN_OBJC_ROOT_CLASS = YES;
				CLANG_WARN_QUOTED_INCLUDE_IN_FRAMEWORK_HEADER = YES;
				CLANG_WARN_RANGE_LOOP_ANALYSIS = YES_AGGRESSIVE;
				CLANG_WARN_STRICT_PROTOTYPES = YES;
				CLANG_WARN_SUSPICIOUS_MOVE = YES;
				CLANG_WARN_UNGUARDED_AVAILABILITY = YES_AGGRESSIVE;
				CLANG_WARN_UNREACHABLE_CODE = YES;
				CLANG_WARN__DUPLICATE_METHOD_MATCH = YES;
				COPY_PHASE_STRIP = YES;
				DEAD_CODE_STRIPPING = YES;
				DEBUG_INFORMATION_FORMAT = "dwarf-with-dsym";
				ENABLE_NS_ASSERTIONS = NO;
				ENABLE_STRICT_OBJC_MSGSEND = YES;
				GCC_C_LANGUAGE_STANDARD = gnu11;
				GCC_NO_COMMON_BLOCKS = YES;
				GCC_WARN_64_TO_32_BIT_CONVERSION = YES;
				GCC_WARN_ABOUT_RETURN_TYPE = YES_ERROR;
				GCC_WARN_UNDECLARED_SELECTOR = YES;
				GCC_WARN_UNINITIALIZED_AUTOS = YES_AGGRESSIVE;
				GCC_WARN_UNUSED_FUNCTION = YES;
				GCC_WARN_UNUSED_VARIABLE = YES;
				MTL_ENABLE_DEBUG_INFO = NO;
				MTL_FAST_MATH = YES;
				SDKROOT = iphoneos;
				SWIFT_COMPILATION_MODE = wholemodule;
				SWIFT_OPTIMIZATION_LEVEL = "-O";
				VALIDATE_PRODUCT = YES;
			};
			name = Release;
		};
		4B3C7F392A8B4C5D00000000 /* Debug */ = {
			isa = XCBuildConfiguration;
			buildSettings = {
				ASSETCATALOG_COMPILER_APPICON_NAME = AppIcon;
				ASSETCATALOG_COMPILER_GLOBAL_ACCENT_COLOR_NAME = AccentColor;
				CODE_SIGN_STYLE = Automatic;
				CURRENT_PROJECT_VERSION = 1;
				DEVELOPMENT_TEAM = WC5F57V6L5;
				ENABLE_PREVIEWS = YES;
				GENERATE_INFOPLIST_FILE = NO;
				INFOPLIST_FILE = Sources/NeuTTSNanoApp/Info.plist;
				INFOPLIST_KEY_UIApplicationSceneManifest_Generation = YES;
				INFOPLIST_KEY_UIApplicationSupportsIndirectInputEvents = YES;
				INFOPLIST_KEY_UILaunchScreen_Generation = YES;
				INFOPLIST_KEY_UISupportedInterfaceOrientations_iPad = "UIInterfaceOrientationPortrait UIInterfaceOrientationPortraitUpsideDown UIInterfaceOrientationLandscapeLeft UIInterfaceOrientationLandscapeRight";
				INFOPLIST_KEY_UISupportedInterfaceOrientations_iPhone = "UIInterfaceOrientationPortrait UIInterfaceOrientationLandscapeLeft UIInterfaceOrientationLandscapeRight";
				LD_RUNPATH_SEARCH_PATHS = (
					"$(inherited)",
					"@executable_path/Frameworks",
				);
				LIBRARY_SEARCH_PATHS = (
					"$(inherited)",
					"$(PROJECT_DIR)/Sources/NeuTTSNanoApp",
					"$(PROJECT_DIR)",
				);
				MARKETING_VERSION = 1.0;
				"OTHER_SWIFT_FLAGS[arch=*]" = "-DESPEAK_AVAILABLE";
				PRODUCT_BUNDLE_IDENTIFIER = "neutts-nano";
				PRODUCT_NAME = "$(TARGET_NAME)";
				SUPPORTED_PLATFORMS = "iphoneos iphonesimulator";
				SUPPORTS_MACCATALYST = NO;
				SUPPORTS_MAC_DESIGNED_FOR_IPHONE_IPAD = NO;
				SWIFT_EMIT_LOC_STRINGS = YES;
				SWIFT_VERSION = 5.0;
				TARGETED_DEVICE_FAMILY = "1,2";
			};
			name = Debug;
		};
		4B3C7F3A2A8B4C5D00000000 /* Release */ = {
			isa = XCBuildConfiguration;
			buildSettings = {
				ASSETCATALOG_COMPILER_APPICON_NAME = AppIcon;
				ASSETCATALOG_COMPILER_GLOBAL_ACCENT_COLOR_NAME = AccentColor;
				CODE_SIGN_STYLE = Automatic;
				CURRENT_PROJECT_VERSION = 1;
				DEVELOPMENT_TEAM = WC5F57V6L5;
				ENABLE_PREVIEWS = YES;
				GENERATE_INFOPLIST_FILE = NO;
				INFOPLIST_FILE = Sources/NeuTTSNanoApp/Info.plist;
				INFOPLIST_KEY_UIApplicationSceneManifest_Generation = YES;
				INFOPLIST_KEY_UIApplicationSupportsIndirectInputEvents = YES;
				INFOPLIST_KEY_UILaunchScreen_Generation = YES;
				INFOPLIST_KEY_UISupportedInterfaceOrientations_iPad = "UIInterfaceOrientationPortrait UIInterfaceOrientationPortraitUpsideDown UIInterfaceOrientationLandscapeLeft UIInterfaceOrientationLandscapeRight";
				INFOPLIST_KEY_UISupportedInterfaceOrientations_iPhone = "UIInterfaceOrientationPortrait UIInterfaceOrientationLandscapeLeft UIInterfaceOrientationLandscapeRight";
				LD_RUNPATH_SEARCH_PATHS = (
					"$(inherited)",
					"@executable_path/Frameworks",
				);
				LIBRARY_SEARCH_PATHS = (
					"$(inherited)",
					"$(PROJECT_DIR)/Sources/NeuTTSNanoApp",
					"$(PROJECT_DIR)",
				);
				MARKETING_VERSION = 1.0;
				PRODUCT_BUNDLE_IDENTIFIER = "neutts-nano";
				PRODUCT_NAME = "$(TARGET_NAME)";
				SUPPORTED_PLATFORMS = "iphoneos iphonesimulator";
				SUPPORTS_MACCATALYST = NO;
				SUPPORTS_MAC_DESIGNED_FOR_IPHONE_IPAD = NO;
				SWIFT_EMIT_LOC_STRINGS = YES;
				SWIFT_VERSION = 5.0;
				TARGETED_DEVICE_FAMILY = "1,2";
			};
			name = Release;
		};
/* End XCBuildConfiguration section */

/* Begin XCConfigurationList section */
		4B3C7F212A8B4C5D00000000 /* Build configuration list for PBXProject "NeuTTSNanoApp" */ = {
			isa = XCConfigurationList;
			buildConfigurations = (
				4B3C7F362A8B4C5D00000000 /* Debug */,
				4B3C7F372A8B4C5D00000000 /* Release */,
			);
			defaultConfigurationIsVisible = 0;
			defaultConfigurationName = Release;
		};
		4B3C7F352A8B4C5D00000000 /* Build configuration list for PBXNativeTarget "NeuTTSNanoApp" */ = {
			isa = XCConfigurationList;
			buildConfigurations = (
				4B3C7F392A8B4C5D00000000 /* Debug */,
				4B3C7F3A2A8B4C5D00000000 /* Release */,
			);
			defaultConfigurationIsVisible = 0;
			defaultConfigurationName = Release;
		};
/* End XCConfigurationList section */

/* Begin XCRemoteSwiftPackageReference section */
		7F75EB192F216B6C00AB8D5F /* XCRemoteSwiftPackageReference "ZeticMLangeiOS" */ = {
			isa = XCRemoteSwiftPackageReference;
			repositoryURL = "https://github.com/zetic-ai/ZeticMLangeiOS.git";
			requirement = {
				kind = upToNextMajorVersion;
				minimumVersion = 1.4.5;
			};
		};
/* End XCRemoteSwiftPackageReference section */

/* Begin XCSwiftPackageProductDependency section */
		7F75EB1A2F216B6C00AB8D5F /* ZeticMLange */ = {
			isa = XCSwiftPackageProductDependency;
			package = 7F75EB192F216B6C00AB8D5F /* XCRemoteSwiftPackageReference "ZeticMLangeiOS" */;
			productName = ZeticMLange;
		};
/* End XCSwiftPackageProductDependency section */
	};
	rootObject = 4B3C7F1E2A8B4C5D00000000 /* Project object */;
}
