// !$*UTF8*$!
{
	archiveVersion = 1;
	classes = {
	};
	objectVersion = 77;
	objects = {

/* Begin PBXBuildFile section */
		16704F072D2669E4002A975A /* ZeticMLange.framework in Frameworks */ = {isa = PBXBuildFile; fileRef = 16704F062D2669E4002A975A /* ZeticMLange.framework */; };
		168D4E502D02E4CD00F68C01 /* vocab.json in Resources */ = {isa = PBXBuildFile; fileRef = 168D4E4F2D02E4CD00F68C01 /* vocab.json */; };
/* End PBXBuildFile section */

/* Begin PBXContainerItemProxy section */
		168D4E242D02E09E00F68C01 /* PBXContainerItemProxy */ = {
			isa = PBXContainerItemProxy;
			containerPortal = 168D4E0B2D02E09C00F68C01 /* Project object */;
			proxyType = 1;
			remoteGlobalIDString = 168D4E122D02E09C00F68C01;
			remoteInfo = "ZeticMLangeWhisper-iOS";
		};
		168D4E2E2D02E09E00F68C01 /* PBXContainerItemProxy */ = {
			isa = PBXContainerItemProxy;
			containerPortal = 168D4E0B2D02E09C00F68C01 /* Project object */;
			proxyType = 1;
			remoteGlobalIDString = 168D4E122D02E09C00F68C01;
			remoteInfo = "ZeticMLangeWhisper-iOS";
		};
/* End PBXContainerItemProxy section */

/* Begin PBXCopyFilesBuildPhase section */
		168D4E4E2D02E14500F68C01 /* Embed Frameworks */ = {
			isa = PBXCopyFilesBuildPhase;
			buildActionMask = 2147483647;
			dstPath = "";
			dstSubfolderSpec = 10;
			files = (
			);
			name = "Embed Frameworks";
			runOnlyForDeploymentPostprocessing = 0;
		};
/* End PBXCopyFilesBuildPhase section */

/* Begin PBXFileReference section */
		16704F062D2669E4002A975A /* ZeticMLange.framework */ = {isa = PBXFileReference; lastKnownFileType = wrapper.framework; path = ZeticMLange.framework; sourceTree = "<group>"; };
		168D4E132D02E09C00F68C01 /* ZeticMLangeWhisper-iOS.app */ = {isa = PBXFileReference; explicitFileType = wrapper.application; includeInIndex = 0; path = "ZeticMLangeWhisper-iOS.app"; sourceTree = BUILT_PRODUCTS_DIR; };
		168D4E232D02E09E00F68C01 /* ZeticMLangeWhisper-iOSTests.xctest */ = {isa = PBXFileReference; explicitFileType = wrapper.cfbundle; includeInIndex = 0; path = "ZeticMLangeWhisper-iOSTests.xctest"; sourceTree = BUILT_PRODUCTS_DIR; };
		168D4E2D2D02E09E00F68C01 /* ZeticMLangeWhisper-iOSUITests.xctest */ = {isa = PBXFileReference; explicitFileType = wrapper.cfbundle; includeInIndex = 0; path = "ZeticMLangeWhisper-iOSUITests.xctest"; sourceTree = BUILT_PRODUCTS_DIR; };
		168D4E4F2D02E4CD00F68C01 /* vocab.json */ = {isa = PBXFileReference; lastKnownFileType = text.json; path = vocab.json; sourceTree = "<group>"; };
/* End PBXFileReference section */

/* Begin PBXFileSystemSynchronizedRootGroup section */
		168D4E152D02E09C00F68C01 /* ZeticMLangeWhisper-iOS */ = {
			isa = PBXFileSystemSynchronizedRootGroup;
			path = "ZeticMLangeWhisper-iOS";
			sourceTree = "<group>";
		};
		168D4E262D02E09E00F68C01 /* ZeticMLangeWhisper-iOSTests */ = {
			isa = PBXFileSystemSynchronizedRootGroup;
			path = "ZeticMLangeWhisper-iOSTests";
			sourceTree = "<group>";
		};
		168D4E302D02E09E00F68C01 /* ZeticMLangeWhisper-iOSUITests */ = {
			isa = PBXFileSystemSynchronizedRootGroup;
			path = "ZeticMLangeWhisper-iOSUITests";
			sourceTree = "<group>";
		};
/* End PBXFileSystemSynchronizedRootGroup section */

/* Begin PBXFrameworksBuildPhase section */
		168D4E102D02E09C00F68C01 /* Frameworks */ = {
			isa = PBXFrameworksBuildPhase;
			buildActionMask = 2147483647;
			files = (
				16704F072D2669E4002A975A /* ZeticMLange.framework in Frameworks */,
			);
			runOnlyForDeploymentPostprocessing = 0;
		};
		168D4E202D02E09E00F68C01 /* Frameworks */ = {
			isa = PBXFrameworksBuildPhase;
			buildActionMask = 2147483647;
			files = (
			);
			runOnlyForDeploymentPostprocessing = 0;
		};
		168D4E2A2D02E09E00F68C01 /* Frameworks */ = {
			isa = PBXFrameworksBuildPhase;
			buildActionMask = 2147483647;
			files = (
			);
			runOnlyForDeploymentPostprocessing = 0;
		};
/* End PBXFrameworksBuildPhase section */

/* Begin PBXGroup section */
		168D4E0A2D02E09C00F68C01 = {
			isa = PBXGroup;
			children = (
				168D4E152D02E09C00F68C01 /* ZeticMLangeWhisper-iOS */,
				168D4E262D02E09E00F68C01 /* ZeticMLangeWhisper-iOSTests */,
				168D4E302D02E09E00F68C01 /* ZeticMLangeWhisper-iOSUITests */,
				168D4E142D02E09C00F68C01 /* Products */,
				168D4E4F2D02E4CD00F68C01 /* vocab.json */,
				16704F062D2669E4002A975A /* ZeticMLange.framework */,
			);
			sourceTree = "<group>";
		};
		168D4E142D02E09C00F68C01 /* Products */ = {
			isa = PBXGroup;
			children = (
				168D4E132D02E09C00F68C01 /* ZeticMLangeWhisper-iOS.app */,
				168D4E232D02E09E00F68C01 /* ZeticMLangeWhisper-iOSTests.xctest */,
				168D4E2D2D02E09E00F68C01 /* ZeticMLangeWhisper-iOSUITests.xctest */,
			);
			name = Products;
			sourceTree = "<group>";
		};
/* End PBXGroup section */

/* Begin PBXNativeTarget section */
		168D4E122D02E09C00F68C01 /* ZeticMLangeWhisper-iOS */ = {
			isa = PBXNativeTarget;
			buildConfigurationList = 168D4E372D02E09E00F68C01 /* Build configuration list for PBXNativeTarget "ZeticMLangeWhisper-iOS" */;
			buildPhases = (
				168D4E0F2D02E09C00F68C01 /* Sources */,
				168D4E102D02E09C00F68C01 /* Frameworks */,
				168D4E112D02E09C00F68C01 /* Resources */,
				168D4E4E2D02E14500F68C01 /* Embed Frameworks */,
			);
			buildRules = (
			);
			dependencies = (
			);
			fileSystemSynchronizedGroups = (
				168D4E152D02E09C00F68C01 /* ZeticMLangeWhisper-iOS */,
			);
			name = "ZeticMLangeWhisper-iOS";
			packageProductDependencies = (
			);
			productName = "ZeticMLangeWhisper-iOS";
			productReference = 168D4E132D02E09C00F68C01 /* ZeticMLangeWhisper-iOS.app */;
			productType = "com.apple.product-type.application";
		};
		168D4E222D02E09E00F68C01 /* ZeticMLangeWhisper-iOSTests */ = {
			isa = PBXNativeTarget;
			buildConfigurationList = 168D4E3A2D02E09E00F68C01 /* Build configuration list for PBXNativeTarget "ZeticMLangeWhisper-iOSTests" */;
			buildPhases = (
				168D4E1F2D02E09E00F68C01 /* Sources */,
				168D4E202D02E09E00F68C01 /* Frameworks */,
				168D4E212D02E09E00F68C01 /* Resources */,
			);
			buildRules = (
			);
			dependencies = (
				168D4E252D02E09E00F68C01 /* PBXTargetDependency */,
			);
			fileSystemSynchronizedGroups = (
				168D4E262D02E09E00F68C01 /* ZeticMLangeWhisper-iOSTests */,
			);
			name = "ZeticMLangeWhisper-iOSTests";
			packageProductDependencies = (
			);
			productName = "ZeticMLangeWhisper-iOSTests";
			productReference = 168D4E232D02E09E00F68C01 /* ZeticMLangeWhisper-iOSTests.xctest */;
			productType = "com.apple.product-type.bundle.unit-test";
		};
		168D4E2C2D02E09E00F68C01 /* ZeticMLangeWhisper-iOSUITests */ = {
			isa = PBXNativeTarget;
			buildConfigurationList = 168D4E3D2D02E09E00F68C01 /* Build configuration list for PBXNativeTarget "ZeticMLangeWhisper-iOSUITests" */;
			buildPhases = (
				168D4E292D02E09E00F68C01 /* Sources */,
				168D4E2A2D02E09E00F68C01 /* Frameworks */,
				168D4E2B2D02E09E00F68C01 /* Resources */,
			);
			buildRules = (
			);
			dependencies = (
				168D4E2F2D02E09E00F68C01 /* PBXTargetDependency */,
			);
			fileSystemSynchronizedGroups = (
				168D4E302D02E09E00F68C01 /* ZeticMLangeWhisper-iOSUITests */,
			);
			name = "ZeticMLangeWhisper-iOSUITests";
			packageProductDependencies = (
			);
			productName = "ZeticMLangeWhisper-iOSUITests";
			productReference = 168D4E2D2D02E09E00F68C01 /* ZeticMLangeWhisper-iOSUITests.xctest */;
			productType = "com.apple.product-type.bundle.ui-testing";
		};
/* End PBXNativeTarget section */

/* Begin PBXProject section */
		168D4E0B2D02E09C00F68C01 /* Project object */ = {
			isa = PBXProject;
			attributes = {
				BuildIndependentTargetsInParallel = 1;
				LastSwiftUpdateCheck = 1610;
				LastUpgradeCheck = 1610;
				TargetAttributes = {
					168D4E122D02E09C00F68C01 = {
						CreatedOnToolsVersion = 16.1;
					};
					168D4E222D02E09E00F68C01 = {
						CreatedOnToolsVersion = 16.1;
						TestTargetID = 168D4E122D02E09C00F68C01;
					};
					168D4E2C2D02E09E00F68C01 = {
						CreatedOnToolsVersion = 16.1;
						TestTargetID = 168D4E122D02E09C00F68C01;
					};
				};
			};
			buildConfigurationList = 168D4E0E2D02E09C00F68C01 /* Build configuration list for PBXProject "ZeticMLangeWhisper-iOS" */;
			developmentRegion = en;
			hasScannedForEncodings = 0;
			knownRegions = (
				en,
				Base,
			);
			mainGroup = 168D4E0A2D02E09C00F68C01;
			minimizedProjectReferenceProxies = 1;
			preferredProjectObjectVersion = 77;
			productRefGroup = 168D4E142D02E09C00F68C01 /* Products */;
			projectDirPath = "";
			projectRoot = "";
			targets = (
				168D4E122D02E09C00F68C01 /* ZeticMLangeWhisper-iOS */,
				168D4E222D02E09E00F68C01 /* ZeticMLangeWhisper-iOSTests */,
				168D4E2C2D02E09E00F68C01 /* ZeticMLangeWhisper-iOSUITests */,
			);
		};
/* End PBXProject section */

/* Begin PBXResourcesBuildPhase section */
		168D4E112D02E09C00F68C01 /* Resources */ = {
			isa = PBXResourcesBuildPhase;
			buildActionMask = 2147483647;
			files = (
				168D4E502D02E4CD00F68C01 /* vocab.json in Resources */,
			);
			runOnlyForDeploymentPostprocessing = 0;
		};
		168D4E212D02E09E00F68C01 /* Resources */ = {
			isa = PBXResourcesBuildPhase;
			buildActionMask = 2147483647;
			files = (
			);
			runOnlyForDeploymentPostprocessing = 0;
		};
		168D4E2B2D02E09E00F68C01 /* Resources */ = {
			isa = PBXResourcesBuildPhase;
			buildActionMask = 2147483647;
			files = (
			);
			runOnlyForDeploymentPostprocessing = 0;
		};
/* End PBXResourcesBuildPhase section */

/* Begin PBXSourcesBuildPhase section */
		168D4E0F2D02E09C00F68C01 /* Sources */ = {
			isa = PBXSourcesBuildPhase;
			buildActionMask = 2147483647;
			files = (
			);
			runOnlyForDeploymentPostprocessing = 0;
		};
		168D4E1F2D02E09E00F68C01 /* Sources */ = {
			isa = PBXSourcesBuildPhase;
			buildActionMask = 2147483647;
			files = (
			);
			runOnlyForDeploymentPostprocessing = 0;
		};
		168D4E292D02E09E00F68C01 /* Sources */ = {
			isa = PBXSourcesBuildPhase;
			buildActionMask = 2147483647;
			files = (
			);
			runOnlyForDeploymentPostprocessing = 0;
		};
/* End PBXSourcesBuildPhase section */

/* Begin PBXTargetDependency section */
		168D4E252D02E09E00F68C01 /* PBXTargetDependency */ = {
			isa = PBXTargetDependency;
			target = 168D4E122D02E09C00F68C01 /* ZeticMLangeWhisper-iOS */;
			targetProxy = 168D4E242D02E09E00F68C01 /* PBXContainerItemProxy */;
		};
		168D4E2F2D02E09E00F68C01 /* PBXTargetDependency */ = {
			isa = PBXTargetDependency;
			target = 168D4E122D02E09C00F68C01 /* ZeticMLangeWhisper-iOS */;
			targetProxy = 168D4E2E2D02E09E00F68C01 /* PBXContainerItemProxy */;
		};
/* End PBXTargetDependency section */

/* Begin XCBuildConfiguration section */
		168D4E352D02E09E00F68C01 /* Debug */ = {
			isa = XCBuildConfiguration;
			buildSettings = {
				ALWAYS_SEARCH_USER_PATHS = NO;
				ASSETCATALOG_COMPILER_GENERATE_SWIFT_ASSET_SYMBOL_EXTENSIONS = YES;
				CLANG_ANALYZER_NONNULL = YES;
				CLANG_ANALYZER_NUMBER_OBJECT_CONVERSION = YES_AGGRESSIVE;
				CLANG_CXX_LANGUAGE_STANDARD = "gnu++20";
				CLANG_ENABLE_MODULES = YES;
				CLANG_ENABLE_OBJC_ARC = YES;
				CLANG_ENABLE_OBJC_WEAK = YES;
				CLANG_WARN_BLOCK_CAPTURE_AUTORELEASING = YES;
				CLANG_WARN_BOOL_CONVERSION = YES;
				CLANG_WARN_COMMA = YES;
				CLANG_WARN_CONSTANT_CONVERSION = YES;
				CLANG_WARN_DEPRECATED_OBJC_IMPLEMENTATIONS = YES;
				CLANG_WARN_DIRECT_OBJC_ISA_USAGE = YES_ERROR;
				CLANG_WARN_DOCUMENTATION_COMMENTS = YES;
				CLANG_WARN_EMPTY_BODY = YES;
				CLANG_WARN_ENUM_CONVERSION = YES;
				CLANG_WARN_INFINITE_RECURSION = YES;
				CLANG_WARN_INT_CONVERSION = YES;
				CLANG_WARN_NON_LITERAL_NULL_CONVERSION = YES;
				CLANG_WARN_OBJC_IMPLICIT_RETAIN_SELF = YES;
				CLANG_WARN_OBJC_LITERAL_CONVERSION = YES;
				CLANG_WARN_OBJC_ROOT_CLASS = YES_ERROR;
				CLANG_WARN_QUOTED_INCLUDE_IN_FRAMEWORK_HEADER = YES;
				CLANG_WARN_RANGE_LOOP_ANALYSIS = YES;
				CLANG_WARN_STRICT_PROTOTYPES = YES;
				CLANG_WARN_SUSPICIOUS_MOVE = YES;
				CLANG_WARN_UNGUARDED_AVAILABILITY = YES_AGGRESSIVE;
				CLANG_WARN_UNREACHABLE_CODE = YES;
				CLANG_WARN__DUPLICATE_METHOD_MATCH = YES;
				COPY_PHASE_STRIP = NO;
				DEBUG_INFORMATION_FORMAT = dwarf;
				ENABLE_STRICT_OBJC_MSGSEND = YES;
				ENABLE_TESTABILITY = YES;
				ENABLE_USER_SCRIPT_SANDBOXING = YES;
				GCC_C_LANGUAGE_STANDARD = gnu17;
				GCC_DYNAMIC_NO_PIC = NO;
				GCC_NO_COMMON_BLOCKS = YES;
				GCC_OPTIMIZATION_LEVEL = 0;
				GCC_PREPROCESSOR_DEFINITIONS = (
					"DEBUG=1",
					"$(inherited)",
				);
				GCC_WARN_64_TO_32_BIT_CONVERSION = YES;
				GCC_WARN_ABOUT_RETURN_TYPE = YES_ERROR;
				GCC_WARN_UNDECLARED_SELECTOR = YES;
				GCC_WARN_UNINITIALIZED_AUTOS = YES_AGGRESSIVE;
				GCC_WARN_UNUSED_FUNCTION = YES;
				GCC_WARN_UNUSED_VARIABLE = YES;
				IPHONEOS_DEPLOYMENT_TARGET = 18.1;
				LOCALIZATION_PREFERS_STRING_CATALOGS = YES;
				MTL_ENABLE_DEBUG_INFO = INCLUDE_SOURCE;
				MTL_FAST_MATH = YES;
				ONLY_ACTIVE_ARCH = YES;
				SDKROOT = iphoneos;
				SWIFT_ACTIVE_COMPILATION_CONDITIONS = "DEBUG $(inherited)";
				SWIFT_OPTIMIZATION_LEVEL = "-Onone";
			};
			name = Debug;
		};
		168D4E362D02E09E00F68C01 /* Release */ = {
			isa = XCBuildConfiguration;
			buildSettings = {
				ALWAYS_SEARCH_USER_PATHS = NO;
				ASSETCATALOG_COMPILER_GENERATE_SWIFT_ASSET_SYMBOL_EXTENSIONS = YES;
				CLANG_ANALYZER_NONNULL = YES;
				CLANG_ANALYZER_NUMBER_OBJECT_CONVERSION = YES_AGGRESSIVE;
				CLANG_CXX_LANGUAGE_STANDARD = "gnu++20";
				CLANG_ENABLE_MODULES = YES;
				CLANG_ENABLE_OBJC_ARC = YES;
				CLANG_ENABLE_OBJC_WEAK = YES;
				CLANG_WARN_BLOCK_CAPTURE_AUTORELEASING = YES;
				CLANG_WARN_BOOL_CONVERSION = YES;
				CLANG_WARN_COMMA = YES;
				CLANG_WARN_CONSTANT_CONVERSION = YES;
				CLANG_WARN_DEPRECATED_OBJC_IMPLEMENTATIONS = YES;
				CLANG_WARN_DIRECT_OBJC_ISA_USAGE = YES_ERROR;
				CLANG_WARN_DOCUMENTATION_COMMENTS = YES;
				CLANG_WARN_EMPTY_BODY = YES;
				CLANG_WARN_ENUM_CONVERSION = YES;
				CLANG_WARN_INFINITE_RECURSION = YES;
				CLANG_WARN_INT_CONVERSION = YES;
				CLANG_WARN_NON_LITERAL_NULL_CONVERSION = YES;
				CLANG_WARN_OBJC_IMPLICIT_RETAIN_SELF = YES;
				CLANG_WARN_OBJC_LITERAL_CONVERSION = YES;
				CLANG_WARN_OBJC_ROOT_CLASS = YES_ERROR;
				CLANG_WARN_QUOTED_INCLUDE_IN_FRAMEWORK_HEADER = YES;
				CLANG_WARN_RANGE_LOOP_ANALYSIS = YES;
				CLANG_WARN_STRICT_PROTOTYPES = YES;
				CLANG_WARN_SUSPICIOUS_MOVE = YES;
				CLANG_WARN_UNGUARDED_AVAILABILITY = YES_AGGRESSIVE;
				CLANG_WARN_UNREACHABLE_CODE = YES;
				CLANG_WARN__DUPLICATE_METHOD_MATCH = YES;
				COPY_PHASE_STRIP = NO;
				DEBUG_INFORMATION_FORMAT = "dwarf-with-dsym";
				ENABLE_NS_ASSERTIONS = NO;
				ENABLE_STRICT_OBJC_MSGSEND = YES;
				ENABLE_USER_SCRIPT_SANDBOXING = YES;
				GCC_C_LANGUAGE_STANDARD = gnu17;
				GCC_NO_COMMON_BLOCKS = YES;
				GCC_WARN_64_TO_32_BIT_CONVERSION = YES;
				GCC_WARN_ABOUT_RETURN_TYPE = YES_ERROR;
				GCC_WARN_UNDECLARED_SELECTOR = YES;
				GCC_WARN_UNINITIALIZED_AUTOS = YES_AGGRESSIVE;
				GCC_WARN_UNUSED_FUNCTION = YES;
				GCC_WARN_UNUSED_VARIABLE = YES;
				IPHONEOS_DEPLOYMENT_TARGET = 18.1;
				LOCALIZATION_PREFERS_STRING_CATALOGS = YES;
				MTL_ENABLE_DEBUG_INFO = NO;
				MTL_FAST_MATH = YES;
				SDKROOT = iphoneos;
				SWIFT_COMPILATION_MODE = wholemodule;
				VALIDATE_PRODUCT = YES;
			};
			name = Release;
		};
		168D4E382D02E09E00F68C01 /* Debug */ = {
			isa = XCBuildConfiguration;
			buildSettings = {
				ASSETCATALOG_COMPILER_APPICON_NAME = AppIcon;
				ASSETCATALOG_COMPILER_GLOBAL_ACCENT_COLOR_NAME = AccentColor;
				CODE_SIGN_STYLE = Automatic;
				CURRENT_PROJECT_VERSION = 1;
				DEVELOPMENT_ASSET_PATHS = "\"ZeticMLangeWhisper-iOS/Preview Content\"";
				DEVELOPMENT_TEAM = 8WTTXXB63L;
				ENABLE_PREVIEWS = YES;
				FRAMEWORK_SEARCH_PATHS = (
					"$(inherited)",
					"$(PROJECT_DIR)",
				);
				GENERATE_INFOPLIST_FILE = YES;
				INFOPLIST_KEY_NSMicrophoneUsageDescription = "Need microphone access for recognize voice.";
				INFOPLIST_KEY_UIApplicationSceneManifest_Generation = YES;
				INFOPLIST_KEY_UIApplicationSupportsIndirectInputEvents = YES;
				INFOPLIST_KEY_UILaunchScreen_Generation = YES;
				INFOPLIST_KEY_UILaunchStoryboardName = "Launch Screen.storyboard";
				INFOPLIST_KEY_UISupportedInterfaceOrientations_iPad = "UIInterfaceOrientationPortrait UIInterfaceOrientationPortraitUpsideDown UIInterfaceOrientationLandscapeLeft UIInterfaceOrientationLandscapeRight";
				INFOPLIST_KEY_UISupportedInterfaceOrientations_iPhone = "UIInterfaceOrientationPortrait UIInterfaceOrientationLandscapeLeft UIInterfaceOrientationLandscapeRight";
				IPHONEOS_DEPLOYMENT_TARGET = 15.6;
				LD_RUNPATH_SEARCH_PATHS = (
					"$(inherited)",
					"@executable_path/Frameworks",
				);
				MARKETING_VERSION = 1.0;
				PRODUCT_BUNDLE_IDENTIFIER = com.zeticai.Whisper;
				PRODUCT_NAME = "$(TARGET_NAME)";
				SUPPORTED_PLATFORMS = "iphoneos iphonesimulator";
				SUPPORTS_MACCATALYST = NO;
				SUPPORTS_MAC_DESIGNED_FOR_IPHONE_IPAD = NO;
				SUPPORTS_XR_DESIGNED_FOR_IPHONE_IPAD = NO;
				SWIFT_EMIT_LOC_STRINGS = YES;
				SWIFT_VERSION = 5.0;
				TARGETED_DEVICE_FAMILY = 1;
			};
			name = Debug;
		};
		168D4E392D02E09E00F68C01 /* Release */ = {
			isa = XCBuildConfiguration;
			buildSettings = {
				ASSETCATALOG_COMPILER_APPICON_NAME = AppIcon;
				ASSETCATALOG_COMPILER_GLOBAL_ACCENT_COLOR_NAME = AccentColor;
				CODE_SIGN_STYLE = Automatic;
				CURRENT_PROJECT_VERSION = 1;
				DEVELOPMENT_ASSET_PATHS = "\"ZeticMLangeWhisper-iOS/Preview Content\"";
				DEVELOPMENT_TEAM = 8WTTXXB63L;
				ENABLE_PREVIEWS = YES;
				FRAMEWORK_SEARCH_PATHS = (
					"$(inherited)",
					"$(PROJECT_DIR)",
				);
				GENERATE_INFOPLIST_FILE = YES;
				INFOPLIST_KEY_NSMicrophoneUsageDescription = "Need microphone access for recognize voice.";
				INFOPLIST_KEY_UIApplicationSceneManifest_Generation = YES;
				INFOPLIST_KEY_UIApplicationSupportsIndirectInputEvents = YES;
				INFOPLIST_KEY_UILaunchScreen_Generation = YES;
				INFOPLIST_KEY_UILaunchStoryboardName = "Launch Screen.storyboard";
				INFOPLIST_KEY_UISupportedInterfaceOrientations_iPad = "UIInterfaceOrientationPortrait UIInterfaceOrientationPortraitUpsideDown UIInterfaceOrientationLandscapeLeft UIInterfaceOrientationLandscapeRight";
				INFOPLIST_KEY_UISupportedInterfaceOrientations_iPhone = "UIInterfaceOrientationPortrait UIInterfaceOrientationLandscapeLeft UIInterfaceOrientationLandscapeRight";
				IPHONEOS_DEPLOYMENT_TARGET = 15.6;
				LD_RUNPATH_SEARCH_PATHS = (
					"$(inherited)",
					"@executable_path/Frameworks",
				);
				MARKETING_VERSION = 1.0;
				PRODUCT_BUNDLE_IDENTIFIER = com.zeticai.Whisper;
				PRODUCT_NAME = "$(TARGET_NAME)";
				SUPPORTED_PLATFORMS = "iphoneos iphonesimulator";
				SUPPORTS_MACCATALYST = NO;
				SUPPORTS_MAC_DESIGNED_FOR_IPHONE_IPAD = NO;
				SUPPORTS_XR_DESIGNED_FOR_IPHONE_IPAD = NO;
				SWIFT_EMIT_LOC_STRINGS = YES;
				SWIFT_VERSION = 5.0;
				TARGETED_DEVICE_FAMILY = 1;
			};
			name = Release;
		};
		168D4E3B2D02E09E00F68C01 /* Debug */ = {
			isa = XCBuildConfiguration;
			buildSettings = {
				BUNDLE_LOADER = "$(TEST_HOST)";
				CODE_SIGN_STYLE = Automatic;
				CURRENT_PROJECT_VERSION = 1;
				DEVELOPMENT_TEAM = 7MFYYTGH2P;
				GENERATE_INFOPLIST_FILE = YES;
				IPHONEOS_DEPLOYMENT_TARGET = 18.1;
				MARKETING_VERSION = 1.0;
				PRODUCT_BUNDLE_IDENTIFIER = "com.zetic.ZeticMLangeWhisper-iOSTests";
				PRODUCT_NAME = "$(TARGET_NAME)";
				SWIFT_EMIT_LOC_STRINGS = NO;
				SWIFT_VERSION = 5.0;
				TARGETED_DEVICE_FAMILY = "1,2";
				TEST_HOST = "$(BUILT_PRODUCTS_DIR)/ZeticMLangeWhisper-iOS.app/$(BUNDLE_EXECUTABLE_FOLDER_PATH)/ZeticMLangeWhisper-iOS";
			};
			name = Debug;
		};
		168D4E3C2D02E09E00F68C01 /* Release */ = {
			isa = XCBuildConfiguration;
			buildSettings = {
				BUNDLE_LOADER = "$(TEST_HOST)";
				CODE_SIGN_STYLE = Automatic;
				CURRENT_PROJECT_VERSION = 1;
				DEVELOPMENT_TEAM = 7MFYYTGH2P;
				GENERATE_INFOPLIST_FILE = YES;
				IPHONEOS_DEPLOYMENT_TARGET = 18.1;
				MARKETING_VERSION = 1.0;
				PRODUCT_BUNDLE_IDENTIFIER = "com.zetic.ZeticMLangeWhisper-iOSTests";
				PRODUCT_NAME = "$(TARGET_NAME)";
				SWIFT_EMIT_LOC_STRINGS = NO;
				SWIFT_VERSION = 5.0;
				TARGETED_DEVICE_FAMILY = "1,2";
				TEST_HOST = "$(BUILT_PRODUCTS_DIR)/ZeticMLangeWhisper-iOS.app/$(BUNDLE_EXECUTABLE_FOLDER_PATH)/ZeticMLangeWhisper-iOS";
			};
			name = Release;
		};
		168D4E3E2D02E09E00F68C01 /* Debug */ = {
			isa = XCBuildConfiguration;
			buildSettings = {
				CODE_SIGN_STYLE = Automatic;
				CURRENT_PROJECT_VERSION = 1;
				DEVELOPMENT_TEAM = 7MFYYTGH2P;
				GENERATE_INFOPLIST_FILE = YES;
				MARKETING_VERSION = 1.0;
				PRODUCT_BUNDLE_IDENTIFIER = "com.zetic.ZeticMLangeWhisper-iOSUITests";
				PRODUCT_NAME = "$(TARGET_NAME)";
				SWIFT_EMIT_LOC_STRINGS = NO;
				SWIFT_VERSION = 5.0;
				TARGETED_DEVICE_FAMILY = "1,2";
				TEST_TARGET_NAME = "ZeticMLangeWhisper-iOS";
			};
			name = Debug;
		};
		168D4E3F2D02E09E00F68C01 /* Release */ = {
			isa = XCBuildConfiguration;
			buildSettings = {
				CODE_SIGN_STYLE = Automatic;
				CURRENT_PROJECT_VERSION = 1;
				DEVELOPMENT_TEAM = 7MFYYTGH2P;
				GENERATE_INFOPLIST_FILE = YES;
				MARKETING_VERSION = 1.0;
				PRODUCT_BUNDLE_IDENTIFIER = "com.zetic.ZeticMLangeWhisper-iOSUITests";
				PRODUCT_NAME = "$(TARGET_NAME)";
				SWIFT_EMIT_LOC_STRINGS = NO;
				SWIFT_VERSION = 5.0;
				TARGETED_DEVICE_FAMILY = "1,2";
				TEST_TARGET_NAME = "ZeticMLangeWhisper-iOS";
			};
			name = Release;
		};
/* End XCBuildConfiguration section */

/* Begin XCConfigurationList section */
		168D4E0E2D02E09C00F68C01 /* Build configuration list for PBXProject "ZeticMLangeWhisper-iOS" */ = {
			isa = XCConfigurationList;
			buildConfigurations = (
				168D4E352D02E09E00F68C01 /* Debug */,
				168D4E362D02E09E00F68C01 /* Release */,
			);
			defaultConfigurationIsVisible = 0;
			defaultConfigurationName = Release;
		};
		168D4E372D02E09E00F68C01 /* Build configuration list for PBXNativeTarget "ZeticMLangeWhisper-iOS" */ = {
			isa = XCConfigurationList;
			buildConfigurations = (
				168D4E382D02E09E00F68C01 /* Debug */,
				168D4E392D02E09E00F68C01 /* Release */,
			);
			defaultConfigurationIsVisible = 0;
			defaultConfigurationName = Release;
		};
		168D4E3A2D02E09E00F68C01 /* Build configuration list for PBXNativeTarget "ZeticMLangeWhisper-iOSTests" */ = {
			isa = XCConfigurationList;
			buildConfigurations = (
				168D4E3B2D02E09E00F68C01 /* Debug */,
				168D4E3C2D02E09E00F68C01 /* Release */,
			);
			defaultConfigurationIsVisible = 0;
			defaultConfigurationName = Release;
		};
		168D4E3D2D02E09E00F68C01 /* Build configuration list for PBXNativeTarget "ZeticMLangeWhisper-iOSUITests" */ = {
			isa = XCConfigurationList;
			buildConfigurations = (
				168D4E3E2D02E09E00F68C01 /* Debug */,
				168D4E3F2D02E09E00F68C01 /* Release */,
			);
			defaultConfigurationIsVisible = 0;
			defaultConfigurationName = Release;
		};
/* End XCConfigurationList section */
	};
	rootObject = 168D4E0B2D02E09C00F68C01 /* Project object */;
}
